dependencies:
  idf:
    source:
      type: idf
    version: 5.4.1
  joltwallet/littlefs:
    component_hash: 150ca47225f7c9917f7f610a5f85e5e93fe3c15402234c23496ff045ad558b0b
    dependencies:
    - name: idf
      require: private
      version: '>=5.0'
    source:
      registry_url: https://components.espressif.com/
      type: service
    version: 1.20.2
direct_dependencies:
- idf
- joltwallet/littlefs
manifest_hash: dd5885df67fa72b61e63e31c91d03d864527cb0e9e96091b389fc2ce404da641
target: esp32c6
version: 2.0.0
